// !$*UTF8*$!
{
	archiveVersion = 1;
	classes = {
	};
	objectVersion = 46;
	objects = {

/* Begin PBXBuildFile section */
		1F2B0B911DC7D7C100749718 /* AppDelegate.swift in Sources */ = {isa = PBXBuildFile; fileRef = 1F2B0B901DC7D7C100749718 /* AppDelegate.swift */; };
		1F2B0B931DC7D7C100749718 /* ViewController.swift in Sources */ = {isa = PBXBuildFile; fileRef = 1F2B0B921DC7D7C100749718 /* ViewController.swift */; };
		1F2B0B961DC7D7C100749718 /* Main.storyboard in Resources */ = {isa = PBXBuildFile; fileRef = 1F2B0B941DC7D7C100749718 /* Main.storyboard */; };
		1F2B0B981DC7D7C100749718 /* Assets.xcassets in Resources */ = {isa = PBXBuildFile; fileRef = 1F2B0B971DC7D7C100749718 /* Assets.xcassets */; };
		1F2B0B9B1DC7D7C100749718 /* LaunchScreen.storyboard in Resources */ = {isa = PBXBuildFile; fileRef = 1F2B0B991DC7D7C100749718 /* LaunchScreen.storyboard */; };
/* End PBXBuildFile section */

/* Begin PBXFileReference section */
		1F2B0B8D1DC7D7C100749718 /* TimelineCloudKitOnlyAsMentor.app */ = {isa = PBXFileReference; explicitFileType = wrapper.application; includeInIndex = 0; path = TimelineCloudKitOnlyAsMentor.app; sourceTree = BUILT_PRODUCTS_DIR; };
		1F2B0B901DC7D7C100749718 /* AppDelegate.swift */ = {isa = PBXFileReference; lastKnownFileType = sourcecode.swift; path = AppDelegate.swift; sourceTree = "<group>"; };
		1F2B0B921DC7D7C100749718 /* ViewController.swift */ = {isa = PBXFileReference; lastKnownFileType = sourcecode.swift; path = ViewController.swift; sourceTree = "<group>"; };
		1F2B0B951DC7D7C100749718 /* Base */ = {isa = PBXFileReference; lastKnownFileType = file.storyboard; name = Base; path = Base.lproj/Main.storyboard; sourceTree = "<group>"; };
		1F2B0B971DC7D7C100749718 /* Assets.xcassets */ = {isa = PBXFileReference; lastKnownFileType = folder.assetcatalog; path = Assets.xcassets; sourceTree = "<group>"; };
		1F2B0B9A1DC7D7C100749718 /* Base */ = {isa = PBXFileReference; lastKnownFileType = file.storyboard; name = Base; path = Base.lproj/LaunchScreen.storyboard; sourceTree = "<group>"; };
		1F2B0B9C1DC7D7C100749718 /* Info.plist */ = {isa = PBXFileReference; lastKnownFileType = text.plist.xml; path = Info.plist; sourceTree = "<group>"; };
/* End PBXFileReference section */

/* Begin PBXFrameworksBuildPhase section */
		1F2B0B8A1DC7D7C100749718 /* Frameworks */ = {
			isa = PBXFrameworksBuildPhase;
			buildActionMask = 2147483647;
			files = (
			);
			runOnlyForDeploymentPostprocessing = 0;
		};
/* End PBXFrameworksBuildPhase section */

/* Begin PBXGroup section */
		1F2B0B841DC7D7C100749718 = {
			isa = PBXGroup;
			children = (
				1F2B0B8F1DC7D7C100749718 /* TimelineCloudKitOnlyAsMentor */,
				1F2B0B8E1DC7D7C100749718 /* Products */,
			);
			sourceTree = "<group>";
		};
		1F2B0B8E1DC7D7C100749718 /* Products */ = {
			isa = PBXGroup;
			children = (
				1F2B0B8D1DC7D7C100749718 /* TimelineCloudKitOnlyAsMentor.app */,
			);
			name = Products;
			sourceTree = "<group>";
		};
		1F2B0B8F1DC7D7C100749718 /* TimelineCloudKitOnlyAsMentor */ = {
			isa = PBXGroup;
			children = (
				1F2B0B901DC7D7C100749718 /* AppDelegate.swift */,
				1F2B0B921DC7D7C100749718 /* ViewController.swift */,
				1F2B0B941DC7D7C100749718 /* Main.storyboard */,
				1F2B0B971DC7D7C100749718 /* Assets.xcassets */,
				1F2B0B991DC7D7C100749718 /* LaunchScreen.storyboard */,
				1F2B0B9C1DC7D7C100749718 /* Info.plist */,
			);
			path = TimelineCloudKitOnlyAsMentor;
			sourceTree = "<group>";
		};
/* End PBXGroup section */

/* Begin PBXNativeTarget section */
		1F2B0B8C1DC7D7C100749718 /* TimelineCloudKitOnlyAsMentor */ = {
			isa = PBXNativeTarget;
			buildConfigurationList = 1F2B0B9F1DC7D7C100749718 /* Build configuration list for PBXNativeTarget "TimelineCloudKitOnlyAsMentor" */;
			buildPhases = (
				1F2B0B891DC7D7C100749718 /* Sources */,
				1F2B0B8A1DC7D7C100749718 /* Frameworks */,
				1F2B0B8B1DC7D7C100749718 /* Resources */,
			);
			buildRules = (
			);
			dependencies = (
			);
			name = TimelineCloudKitOnlyAsMentor;
			productName = TimelineCloudKitOnlyAsMentor;
			productReference = 1F2B0B8D1DC7D7C100749718 /* TimelineCloudKitOnlyAsMentor.app */;
			productType = "com.apple.product-type.application";
		};
/* End PBXNativeTarget section */

/* Begin PBXProject section */
		1F2B0B851DC7D7C100749718 /* Project object */ = {
			isa = PBXProject;
			attributes = {
				LastSwiftUpdateCheck = 0810;
				LastUpgradeCheck = 0810;
				ORGANIZATIONNAME = JeffCryst;
				TargetAttributes = {
					1F2B0B8C1DC7D7C100749718 = {
						CreatedOnToolsVersion = 8.1;
						DevelopmentTeam = A6ASF988U5;
						ProvisioningStyle = Automatic;
					};
				};
			};
			buildConfigurationList = 1F2B0B881DC7D7C100749718 /* Build configuration list for PBXProject "TimelineCloudKitOnlyAsMentor" */;
			compatibilityVersion = "Xcode 3.2";
			developmentRegion = English;
			hasScannedForEncodings = 0;
			knownRegions = (
				en,
				Base,
			);
			mainGroup = 1F2B0B841DC7D7C100749718;
			productRefGroup = 1F2B0B8E1DC7D7C100749718 /* Products */;
			projectDirPath = "";
			projectRoot = "";
			targets = (
				1F2B0B8C1DC7D7C100749718 /* TimelineCloudKitOnlyAsMentor */,
			);
		};
/* End PBXProject section */

/* Begin PBXResourcesBuildPhase section */
		1F2B0B8B1DC7D7C100749718 /* Resources */ = {
			isa = PBXResourcesBuildPhase;
			buildActionMask = 2147483647;
			files = (
				1F2B0B9B1DC7D7C100749718 /* LaunchScreen.storyboard in Resources */,
				1F2B0B981DC7D7C100749718 /* Assets.xcassets in Resources */,
				1F2B0B961DC7D7C100749718 /* Main.storyboard in Resources */,
			);
			runOnlyForDeploymentPostprocessing = 0;
		};
/* End PBXResourcesBuildPhase section */

/* Begin PBXSourcesBuildPhase section */
		1F2B0B891DC7D7C100749718 /* Sources */ = {
			isa = PBXSourcesBuildPhase;
			buildActionMask = 2147483647;
			files = (
				1F2B0B931DC7D7C100749718 /* ViewController.swift in Sources */,
				1F2B0B911DC7D7C100749718 /* AppDelegate.swift in Sources */,
			);
			runOnlyForDeploymentPostprocessing = 0;
		};
/* End PBXSourcesBuildPhase section */

/* Begin PBXVariantGroup section */
		1F2B0B941DC7D7C100749718 /* Main.storyboard */ = {
			isa = PBXVariantGroup;
			children = (
				1F2B0B951DC7D7C100749718 /* Base */,
			);
			name = Main.storyboard;
			sourceTree = "<group>";
		};
		1F2B0B991DC7D7C100749718 /* LaunchScreen.storyboard */ = {
			isa = PBXVariantGroup;
			children = (
				1F2B0B9A1DC7D7C100749718 /* Base */,
			);
			name = LaunchScreen.storyboard;
			sourceTree = "<group>";
		};
/* End PBXVariantGroup section */

/* Begin XCBuildConfiguration section */
		1F2B0B9D1DC7D7C100749718 /* Debug */ = {
			isa = XCBuildConfiguration;
			buildSettings = {
				ALWAYS_SEARCH_USER_PATHS = NO;
				CLANG_ANALYZER_NONNULL = YES;
				CLANG_CXX_LANGUAGE_STANDARD = "gnu++0x";
				CLANG_CXX_LIBRARY = "libc++";
				CLANG_ENABLE_MODULES = YES;
				CLANG_ENABLE_OBJC_ARC = YES;
				CLANG_WARN_BOOL_CONVERSION = YES;
				CLANG_WARN_CONSTANT_CONVERSION = YES;
				CLANG_WARN_DIRECT_OBJC_ISA_USAGE = YES_ERROR;
				CLANG_WARN_DOCUMENTATION_COMMENTS = YES;
				CLANG_WARN_EMPTY_BODY = YES;
				CLANG_WARN_ENUM_CONVERSION = YES;
				CLANG_WARN_INFINITE_RECURSION = YES;
				CLANG_WARN_INT_CONVERSION = YES;
				CLANG_WARN_OBJC_ROOT_CLASS = YES_ERROR;
				CLANG_WARN_SUSPICIOUS_MOVES = YES;
				CLANG_WARN_UNREACHABLE_CODE = YES;
				CLANG_WARN__DUPLICATE_METHOD_MATCH = YES;
				"CODE_SIGN_IDENTITY[sdk=iphoneos*]" = "iPhone Developer";
				COPY_PHASE_STRIP = NO;
				DEBUG_INFORMATION_FORMAT = dwarf;
				ENABLE_STRICT_OBJC_MSGSEND = YES;
				ENABLE_TESTABILITY = YES;
				GCC_C_LANGUAGE_STANDARD = gnu99;
				GCC_DYNAMIC_NO_PIC = NO;
				GCC_NO_COMMON_BLOCKS = YES;
				GCC_OPTIMIZATION_LEVEL = 0;
				GCC_PREPROCESSOR_DEFINITIONS = (
					"DEBUG=1",
					"$(inherited)",
				);
				GCC_WARN_64_TO_32_BIT_CONVERSION = YES;
				GCC_WARN_ABOUT_RETURN_TYPE = YES_ERROR;
				GCC_WARN_UNDECLARED_SELECTOR = YES;
				GCC_WARN_UNINITIALIZED_AUTOS = YES_AGGRESSIVE;
				GCC_WARN_UNUSED_FUNCTION = YES;
				GCC_WARN_UNUSED_VARIABLE = YES;
				IPHONEOS_DEPLOYMENT_TARGET = 10.1;
				MTL_ENABLE_DEBUG_INFO = YES;
				ONLY_ACTIVE_ARCH = YES;
				SDKROOT = iphoneos;
				SWIFT_ACTIVE_COMPILATION_CONDITIONS = DEBUG;
				SWIFT_OPTIMIZATION_LEVEL = "-Onone";
				TARGETED_DEVICE_FAMILY = "1,2";
			};
			name = Debug;
		};
		1F2B0B9E1DC7D7C100749718 /* Release */ = {
			isa = XCBuildConfiguration;
			buildSettings = {
				ALWAYS_SEARCH_USER_PATHS = NO;
				CLANG_ANALYZER_NONNULL = YES;
				CLANG_CXX_LANGUAGE_STANDARD = "gnu++0x";
				CLANG_CXX_LIBRARY = "libc++";
				CLANG_ENABLE_MODULES = YES;
				CLANG_ENABLE_OBJC_ARC = YES;
				CLANG_WARN_BOOL_CONVERSION = YES;
				CLANG_WARN_CONSTANT_CONVERSION = YES;
				CLANG_WARN_DIRECT_OBJC_ISA_USAGE = YES_ERROR;
				CLANG_WARN_DOCUMENTATION_COMMENTS = YES;
				CLANG_WARN_EMPTY_BODY = YES;
				CLANG_WARN_ENUM_CONVERSION = YES;
				CLANG_WARN_INFINITE_RECURSION = YES;
				CLANG_WARN_INT_CONVERSION = YES;
				CLANG_WARN_OBJC_ROOT_CLASS = YES_ERROR;
				CLANG_WARN_SUSPICIOUS_MOVES = YES;
				CLANG_WARN_UNREACHABLE_CODE = YES;
				CLANG_WARN__DUPLICATE_METHOD_MATCH = YES;
				"CODE_SIGN_IDENTITY[sdk=iphoneos*]" = "iPhone Developer";
				COPY_PHASE_STRIP = NO;
				DEBUG_INFORMATION_FORMAT = "dwarf-with-dsym";
				ENABLE_NS_ASSERTIONS = NO;
				ENABLE_STRICT_OBJC_MSGSEND = YES;
				GCC_C_LANGUAGE_STANDARD = gnu99;
				GCC_NO_COMMON_BLOCKS = YES;
				GCC_WARN_64_TO_32_BIT_CONVERSION = YES;
				GCC_WARN_ABOUT_RETURN_TYPE = YES_ERROR;
				GCC_WARN_UNDECLARED_SELECTOR = YES;
				GCC_WARN_UNINITIALIZED_AUTOS = YES_AGGRESSIVE;
				GCC_WARN_UNUSED_FUNCTION = YES;
				GCC_WARN_UNUSED_VARIABLE = YES;
				IPHONEOS_DEPLOYMENT_TARGET = 10.1;
				MTL_ENABLE_DEBUG_INFO = NO;
				SDKROOT = iphoneos;
				SWIFT_OPTIMIZATION_LEVEL = "-Owholemodule";
				TARGETED_DEVICE_FAMILY = "1,2";
				VALIDATE_PRODUCT = YES;
			};
			name = Release;
		};
		1F2B0BA01DC7D7C100749718 /* Debug */ = {
			isa = XCBuildConfiguration;
			buildSettings = {
				ASSETCATALOG_COMPILER_APPICON_NAME = AppIcon;
				DEVELOPMENT_TEAM = A6ASF988U5;
				INFOPLIST_FILE = TimelineCloudKitOnlyAsMentor/Info.plist;
				LD_RUNPATH_SEARCH_PATHS = "$(inherited) @executable_path/Frameworks";
				PRODUCT_BUNDLE_IDENTIFIER = com.jeffcryst.TimelineCloudKitOnlyAsMentor;
				PRODUCT_NAME = "$(TARGET_NAME)";
				SWIFT_VERSION = 3.0;
			};
			name = Debug;
		};
		1F2B0BA11DC7D7C100749718 /* Release */ = {
			isa = XCBuildConfiguration;
			buildSettings = {
				ASSETCATALOG_COMPILER_APPICON_NAME = AppIcon;
				DEVELOPMENT_TEAM = A6ASF988U5;
				INFOPLIST_FILE = TimelineCloudKitOnlyAsMentor/Info.plist;
				LD_RUNPATH_SEARCH_PATHS = "$(inherited) @executable_path/Frameworks";
				PRODUCT_BUNDLE_IDENTIFIER = com.jeffcryst.TimelineCloudKitOnlyAsMentor;
				PRODUCT_NAME = "$(TARGET_NAME)";
				SWIFT_VERSION = 3.0;
			};
			name = Release;
		};
/* End XCBuildConfiguration section */

/* Begin XCConfigurationList section */
		1F2B0B881DC7D7C100749718 /* Build configuration list for PBXProject "TimelineCloudKitOnlyAsMentor" */ = {
			isa = XCConfigurationList;
			buildConfigurations = (
				1F2B0B9D1DC7D7C100749718 /* Debug */,
				1F2B0B9E1DC7D7C100749718 /* Release */,
			);
			defaultConfigurationIsVisible = 0;
			defaultConfigurationName = Release;
		};
		1F2B0B9F1DC7D7C100749718 /* Build configuration list for PBXNativeTarget "TimelineCloudKitOnlyAsMentor" */ = {
			isa = XCConfigurationList;
			buildConfigurations = (
				1F2B0BA01DC7D7C100749718 /* Debug */,
				1F2B0BA11DC7D7C100749718 /* Release */,
			);
			defaultConfigurationIsVisible = 0;
		};
/* End XCConfigurationList section */
	};
	rootObject = 1F2B0B851DC7D7C100749718 /* Project object */;
}
